
Microsoft Visual Studio Solution File, Format Version 12.00
# Visual Studio Version 16
VisualStudioVersion = 16.0.30413.136
MinimumVisualStudioVersion = 10.0.40219.1
Project("{FAE04EC0-301F-11D3-BF4B-00C04F79EFBC}") = "HotelChat", "HotelChat\HotelChat.csproj", "{DC142C0A-BD3F-4008-97B5-244EAA9F3669}"
EndProject
Global
	GlobalSection(SolutionConfigurationPlatforms) = preSolution
		Debug|Any CPU = Debug|Any CPU
		Release|Any CPU = Release|Any CPU
	EndGlobalSection
	GlobalSection(ProjectConfigurationPlatforms) = postSolution
		{DC142C0A-BD3F-4008-97B5-244EAA9F3669}.Debug|Any CPU.ActiveCfg = Debug|Any CPU
		{DC142C0A-BD3F-4008-97B5-244EAA9F3669}.Debug|Any CPU.Build.0 = Debug|Any CPU
		{DC142C0A-BD3F-4008-97B5-244EAA9F3669}.Release|Any CPU.ActiveCfg = Release|Any CPU
		{DC142C0A-BD3F-4008-97B5-244EAA9F3669}.Release|Any CPU.Build.0 = Release|Any CPU
	EndGlobalSection
	GlobalSection(SolutionProperties) = preSolution
		HideSolutionNode = FALSE
	EndGlobalSection
	GlobalSection(ExtensibilityGlobals) = postSolution
		SolutionGuid = {C88A963F-BC7B-4691-BF2F-C91C9EACCC63}
	EndGlobalSection
EndGlobal
